Microsoft Visual Studio Solution File, Format Version 12.00
# Visual Studio Version 18
VisualStudioVersion = 18.3.11512.155
MinimumVisualStudioVersion = 10.0.40219.1
Project("{2150E333-8FDC-42A3-9474-1A3956D46DE8}") = "Solution Items", "Solution Items", "{8B5B1896-378B-43D3-A6FC-C424B30FC018}"
	ProjectSection(SolutionItems) = preProject
		.dockerignore = .dockerignore
		.editorconfig = .editorconfig
		Build.bat = Build.bat
		Directory.Build.props = Directory.Build.props
		Directory.Packages.props = Directory.Packages.props
		docker-compose.yml = docker-compose.yml
		Run.bat = Run.bat
	EndProjectSection
EndProject
Project("{2150E333-8FDC-42A3-9474-1A3956D46DE8}") = "Modules", "Modules", "{A140E573-7FC3-46D5-B1B9-3EF537C0B82B}"
EndProject
Project("{2150E333-8FDC-42A3-9474-1A3956D46DE8}") = "Stocks", "Stocks", "{C915522F-9AA8-45AC-9C9C-5AA70421623E}"
EndProject
Project("{2150E333-8FDC-42A3-9474-1A3956D46DE8}") = "Shipments", "Shipments", "{394E7A56-B0BE-4A93-BE06-58E745835A77}"
EndProject
Project("{2150E333-8FDC-42A3-9474-1A3956D46DE8}") = "Carriers", "Carriers", "{30EEA210-FA07-472B-94A8-A5853A13FD04}"
EndProject
Project("{FAE04EC0-301F-11D3-BF4B-00C04F79EFBC}") = "ModularMonolith.Host", "ModularMonolith.Host\ModularMonolith.Host.csproj", "{0F14083D-1E2D-4C14-8BB2-1D215EABA476}"
EndProject
Project("{FAE04EC0-301F-11D3-BF4B-00C04F79EFBC}") = "Modules.Carriers.Domain", "Modules\Carriers\Modules.Carriers.Domain\Modules.Carriers.Domain.csproj", "{11665C6E-0BE0-4AF8-93BC-AB2850EBE4F7}"
EndProject
Project("{FAE04EC0-301F-11D3-BF4B-00C04F79EFBC}") = "Modules.Carriers.Features", "Modules\Carriers\Modules.Carriers.Features\Modules.Carriers.Features.csproj", "{87EC53DE-7F9E-419C-953A-46DC4B653AA9}"
EndProject
Project("{FAE04EC0-301F-11D3-BF4B-00C04F79EFBC}") = "Modules.Stocks.Domain", "Modules\Stocks\Modules.Stocks.Domain\Modules.Stocks.Domain.csproj", "{3A4F323B-F1F5-4094-930F-88CD1EC14187}"
EndProject
Project("{FAE04EC0-301F-11D3-BF4B-00C04F79EFBC}") = "Modules.Stocks.Features", "Modules\Stocks\Modules.Stocks.Features\Modules.Stocks.Features.csproj", "{564D9E20-A421-4D28-8F7D-A023BC71ED62}"
EndProject
Project("{FAE04EC0-301F-11D3-BF4B-00C04F79EFBC}") = "Modules.Shipments.Domain", "Modules\Shipments\Modules.Shipments.Domain\Modules.Shipments.Domain.csproj", "{4F14D9ED-D641-4C7B-88CF-72B77458FA64}"
EndProject
Project("{FAE04EC0-301F-11D3-BF4B-00C04F79EFBC}") = "Modules.Shipments.Infrastructure", "Modules\Shipments\Modules.Shipments.Infrastructure\Modules.Shipments.Infrastructure.csproj", "{B66ED151-E45F-4491-A866-11B10F0B3046}"
EndProject
Project("{FAE04EC0-301F-11D3-BF4B-00C04F79EFBC}") = "Modules.Shipments.Features", "Modules\Shipments\Modules.Shipments.Features\Modules.Shipments.Features.csproj", "{48542688-735D-49B7-8703-F8767FCAAD9E}"
EndProject
Project("{2150E333-8FDC-42A3-9474-1A3956D46DE8}") = "Common", "Common", "{2756B02A-FD11-4E95-B3F7-36E1111428DB}"
EndProject
Project("{FAE04EC0-301F-11D3-BF4B-00C04F79EFBC}") = "Modules.Common.API", "Common\Modules.Common.API\Modules.Common.API.csproj", "{7ED95FB4-2AC5-4ADD-8CE8-73ED14CC8CF9}"
EndProject
Project("{FAE04EC0-301F-11D3-BF4B-00C04F79EFBC}") = "Modules.Carriers.Infrastructure", "Modules\Carriers\Modules.Carriers.Infrastructure\Modules.Carriers.Infrastructure.csproj", "{FB0D7B61-2BD9-440B-B75F-6ADCF4B7D20E}"
EndProject
Project("{FAE04EC0-301F-11D3-BF4B-00C04F79EFBC}") = "Modules.Stocks.Infrastructure", "Modules\Stocks\Modules.Stocks.Infrastructure\Modules.Stocks.Infrastructure.csproj", "{9FE4913A-7A84-4383-B487-DDE9D4EA54B5}"
EndProject
Project("{FAE04EC0-301F-11D3-BF4B-00C04F79EFBC}") = "Modules.Carriers.PublicApi", "Modules\Carriers\Modules.Carriers.PublicApi\Modules.Carriers.PublicApi.csproj", "{6C43FBB0-7EAB-4A1B-A243-FE150A1B242D}"
EndProject
Project("{FAE04EC0-301F-11D3-BF4B-00C04F79EFBC}") = "Modules.Stocks.PublicApi", "Modules\Stocks\Modules.Stocks.PublicApi\Modules.Stocks.PublicApi.csproj", "{0BE2A8D8-014A-48CF-BA14-414B8CFB1126}"
EndProject
Project("{FAE04EC0-301F-11D3-BF4B-00C04F79EFBC}") = "Modules.Common.Infrastructure", "Common\Modules.Common.Infrastructure\Modules.Common.Infrastructure.csproj", "{0E5EC4F5-D426-4B4D-80B5-983566DD09C1}"
EndProject
Project("{FAE04EC0-301F-11D3-BF4B-00C04F79EFBC}") = "Modules.Common.Application", "Common\Modules.Common.Application\Modules.Common.Application.csproj", "{5FFDAC81-A945-4F07-B3EC-F75C72F39DA4}"
EndProject
Project("{FAE04EC0-301F-11D3-BF4B-00C04F79EFBC}") = "Modules.Common.Domain", "Common\Modules.Common.Domain\Modules.Common.Domain.csproj", "{25FDE052-5518-4411-94A9-F96DA6E9539B}"
EndProject
Project("{2150E333-8FDC-42A3-9474-1A3956D46DE8}") = "Users", "Users", "{C4521812-A496-4792-86B9-FABAD4A6634E}"
EndProject
Project("{FAE04EC0-301F-11D3-BF4B-00C04F79EFBC}") = "Modules.Users.Domain", "Modules\Users\Modules.Users.Domain\Modules.Users.Domain.csproj", "{32BBAA1C-C9F2-4869-99C8-AB9DE2047306}"
EndProject
Project("{FAE04EC0-301F-11D3-BF4B-00C04F79EFBC}") = "Modules.Users.Infrastructure", "Modules\Users\Modules.Users.Infrastructure\Modules.Users.Infrastructure.csproj", "{8FB7E8F2-870F-45F8-99ED-D8303B420D58}"
EndProject
Project("{FAE04EC0-301F-11D3-BF4B-00C04F79EFBC}") = "Modules.Users.Features", "Modules\Users\Modules.Users.Features\Modules.Users.Features.csproj", "{2A215BAB-B45D-4195-94D8-1BCD56CE6992}"
EndProject
Project("{2150E333-8FDC-42A3-9474-1A3956D46DE8}") = "Tests", "Tests", "{340CCE8D-F1ED-4282-96FC-B40A1D7FDB4D}"
EndProject
Project("{FAE04EC0-301F-11D3-BF4B-00C04F79EFBC}") = "Modules.Common.Tests.Architecture", "Common\Modules.Common.Tests.Architecture\Modules.Common.Tests.Architecture.csproj", "{1A43B0EF-3144-4444-A6C4-C70996A42DE9}"
EndProject
Project("{2150E333-8FDC-42A3-9474-1A3956D46DE8}") = "Tests", "Tests", "{4EF76D6A-3B20-40C3-80F5-55CA02BA07D8}"
EndProject
Project("{FAE04EC0-301F-11D3-BF4B-00C04F79EFBC}") = "Modules.Shipments.Tests.Unit", "Modules\Shipments\Modules.Shipments.Tests.Unit\Modules.Shipments.Tests.Unit.csproj", "{DDE989BF-2FC4-4BBF-B79F-2F91C99107F7}"
EndProject
Project("{2150E333-8FDC-42A3-9474-1A3956D46DE8}") = "Tests", "Tests", "{9A1E22E8-0021-40AB-A53A-51595EEC5EC0}"
EndProject
Project("{FAE04EC0-301F-11D3-BF4B-00C04F79EFBC}") = "Modules.Shipments.Tests.Integration", "Modules\Shipments\Modules.Shipments.Tests.Integration\Modules.Shipments.Tests.Integration.csproj", "{0E5D22E7-84D4-4BBC-A6E8-A1C0D37947A1}"
EndProject
Project("{FAE04EC0-301F-11D3-BF4B-00C04F79EFBC}") = "Modules.Common.Result.Tests.Unit", "Common\Modules.Common.Result.Tests.Unit\Modules.Common.Result.Tests.Unit.csproj", "{AD7F74B0-9AE4-459A-B004-983A15B8E440}"
EndProject
Project("{FAE04EC0-301F-11D3-BF4B-00C04F79EFBC}") = "ModularMonolithTemplate.AppHost", "ModularMonolithTemplate.AppHost\ModularMonolithTemplate.AppHost.csproj", "{F2A906F6-802D-4058-9E2E-4F8E13640F15}"
EndProject
Project("{FAE04EC0-301F-11D3-BF4B-00C04F79EFBC}") = "ModularMonolithTemplate.ServiceDefaults", "ModularMonolithTemplate.ServiceDefaults\ModularMonolithTemplate.ServiceDefaults.csproj", "{B0CE4807-D3AA-418E-9580-FBA559C4D177}"
EndProject
Project("{54A90642-561A-4BB1-A94E-469ADEE60C69}") = "Client.React", "Client.React\Client.React.esproj", "{D1E2F3A4-B5C6-7890-ABCD-EF1234567890}"
EndProject
Project("{54A90642-561A-4BB1-A94E-469ADEE60C69}") = "Client.Angular", "Client.Angular\Client.Angular.esproj", "{A1B2C3D4-E5F6-7890-ABCD-EF1234567891}"
EndProject
Global
	GlobalSection(SolutionConfigurationPlatforms) = preSolution
		Debug|Any CPU = Debug|Any CPU
		Debug|x64 = Debug|x64
		Debug|x86 = Debug|x86
		Release|Any CPU = Release|Any CPU
		Release|x64 = Release|x64
		Release|x86 = Release|x86
	EndGlobalSection
	GlobalSection(ProjectConfigurationPlatforms) = postSolution
		{0F14083D-1E2D-4C14-8BB2-1D215EABA476}.Debug|Any CPU.ActiveCfg = Debug|Any CPU
		{0F14083D-1E2D-4C14-8BB2-1D215EABA476}.Debug|Any CPU.Build.0 = Debug|Any CPU
		{0F14083D-1E2D-4C14-8BB2-1D215EABA476}.Debug|x64.ActiveCfg = Debug|Any CPU
		{0F14083D-1E2D-4C14-8BB2-1D215EABA476}.Debug|x64.Build.0 = Debug|Any CPU
		{0F14083D-1E2D-4C14-8BB2-1D215EABA476}.Debug|x86.ActiveCfg = Debug|Any CPU
		{0F14083D-1E2D-4C14-8BB2-1D215EABA476}.Debug|x86.Build.0 = Debug|Any CPU
		{0F14083D-1E2D-4C14-8BB2-1D215EABA476}.Release|Any CPU.ActiveCfg = Release|Any CPU
		{0F14083D-1E2D-4C14-8BB2-1D215EABA476}.Release|Any CPU.Build.0 = Release|Any CPU
		{0F14083D-1E2D-4C14-8BB2-1D215EABA476}.Release|x64.ActiveCfg = Release|Any CPU
		{0F14083D-1E2D-4C14-8BB2-1D215EABA476}.Release|x64.Build.0 = Release|Any CPU
		{0F14083D-1E2D-4C14-8BB2-1D215EABA476}.Release|x86.ActiveCfg = Release|Any CPU
		{0F14083D-1E2D-4C14-8BB2-1D215EABA476}.Release|x86.Build.0 = Release|Any CPU
		{11665C6E-0BE0-4AF8-93BC-AB2850EBE4F7}.Debug|Any CPU.ActiveCfg = Debug|Any CPU
		{11665C6E-0BE0-4AF8-93BC-AB2850EBE4F7}.Debug|Any CPU.Build.0 = Debug|Any CPU
		{11665C6E-0BE0-4AF8-93BC-AB2850EBE4F7}.Debug|x64.ActiveCfg = Debug|Any CPU
		{11665C6E-0BE0-4AF8-93BC-AB2850EBE4F7}.Debug|x64.Build.0 = Debug|Any CPU
		{11665C6E-0BE0-4AF8-93BC-AB2850EBE4F7}.Debug|x86.ActiveCfg = Debug|Any CPU
		{11665C6E-0BE0-4AF8-93BC-AB2850EBE4F7}.Debug|x86.Build.0 = Debug|Any CPU
		{11665C6E-0BE0-4AF8-93BC-AB2850EBE4F7}.Release|Any CPU.ActiveCfg = Release|Any CPU
		{11665C6E-0BE0-4AF8-93BC-AB2850EBE4F7}.Release|Any CPU.Build.0 = Release|Any CPU
		{11665C6E-0BE0-4AF8-93BC-AB2850EBE4F7}.Release|x64.ActiveCfg = Release|Any CPU
		{11665C6E-0BE0-4AF8-93BC-AB2850EBE4F7}.Release|x64.Build.0 = Release|Any CPU
		{11665C6E-0BE0-4AF8-93BC-AB2850EBE4F7}.Release|x86.ActiveCfg = Release|Any CPU
		{11665C6E-0BE0-4AF8-93BC-AB2850EBE4F7}.Release|x86.Build.0 = Release|Any CPU
		{87EC53DE-7F9E-419C-953A-46DC4B653AA9}.Debug|Any CPU.ActiveCfg = Debug|Any CPU
		{87EC53DE-7F9E-419C-953A-46DC4B653AA9}.Debug|Any CPU.Build.0 = Debug|Any CPU
		{87EC53DE-7F9E-419C-953A-46DC4B653AA9}.Debug|x64.ActiveCfg = Debug|Any CPU
		{87EC53DE-7F9E-419C-953A-46DC4B653AA9}.Debug|x64.Build.0 = Debug|Any CPU
		{87EC53DE-7F9E-419C-953A-46DC4B653AA9}.Debug|x86.ActiveCfg = Debug|Any CPU
		{87EC53DE-7F9E-419C-953A-46DC4B653AA9}.Debug|x86.Build.0 = Debug|Any CPU
		{87EC53DE-7F9E-419C-953A-46DC4B653AA9}.Release|Any CPU.ActiveCfg = Release|Any CPU
		{87EC53DE-7F9E-419C-953A-46DC4B653AA9}.Release|Any CPU.Build.0 = Release|Any CPU
		{87EC53DE-7F9E-419C-953A-46DC4B653AA9}.Release|x64.ActiveCfg = Release|Any CPU
		{87EC53DE-7F9E-419C-953A-46DC4B653AA9}.Release|x64.Build.0 = Release|Any CPU
		{87EC53DE-7F9E-419C-953A-46DC4B653AA9}.Release|x86.ActiveCfg = Release|Any CPU
		{87EC53DE-7F9E-419C-953A-46DC4B653AA9}.Release|x86.Build.0 = Release|Any CPU
		{3A4F323B-F1F5-4094-930F-88CD1EC14187}.Debug|Any CPU.ActiveCfg = Debug|Any CPU
		{3A4F323B-F1F5-4094-930F-88CD1EC14187}.Debug|Any CPU.Build.0 = Debug|Any CPU
		{3A4F323B-F1F5-4094-930F-88CD1EC14187}.Debug|x64.ActiveCfg = Debug|Any CPU
		{3A4F323B-F1F5-4094-930F-88CD1EC14187}.Debug|x64.Build.0 = Debug|Any CPU
		{3A4F323B-F1F5-4094-930F-88CD1EC14187}.Debug|x86.ActiveCfg = Debug|Any CPU
		{3A4F323B-F1F5-4094-930F-88CD1EC14187}.Debug|x86.Build.0 = Debug|Any CPU
		{3A4F323B-F1F5-4094-930F-88CD1EC14187}.Release|Any CPU.ActiveCfg = Release|Any CPU
		{3A4F323B-F1F5-4094-930F-88CD1EC14187}.Release|Any CPU.Build.0 = Release|Any CPU
		{3A4F323B-F1F5-4094-930F-88CD1EC14187}.Release|x64.ActiveCfg = Release|Any CPU
		{3A4F323B-F1F5-4094-930F-88CD1EC14187}.Release|x64.Build.0 = Release|Any CPU
		{3A4F323B-F1F5-4094-930F-88CD1EC14187}.Release|x86.ActiveCfg = Release|Any CPU
		{3A4F323B-F1F5-4094-930F-88CD1EC14187}.Release|x86.Build.0 = Release|Any CPU
		{564D9E20-A421-4D28-8F7D-A023BC71ED62}.Debug|Any CPU.ActiveCfg = Debug|Any CPU
		{564D9E20-A421-4D28-8F7D-A023BC71ED62}.Debug|Any CPU.Build.0 = Debug|Any CPU
		{564D9E20-A421-4D28-8F7D-A023BC71ED62}.Debug|x64.ActiveCfg = Debug|Any CPU
		{564D9E20-A421-4D28-8F7D-A023BC71ED62}.Debug|x64.Build.0 = Debug|Any CPU
		{564D9E20-A421-4D28-8F7D-A023BC71ED62}.Debug|x86.ActiveCfg = Debug|Any CPU
		{564D9E20-A421-4D28-8F7D-A023BC71ED62}.Debug|x86.Build.0 = Debug|Any CPU
		{564D9E20-A421-4D28-8F7D-A023BC71ED62}.Release|Any CPU.ActiveCfg = Release|Any CPU
		{564D9E20-A421-4D28-8F7D-A023BC71ED62}.Release|Any CPU.Build.0 = Release|Any CPU
		{564D9E20-A421-4D28-8F7D-A023BC71ED62}.Release|x64.ActiveCfg = Release|Any CPU
		{564D9E20-A421-4D28-8F7D-A023BC71ED62}.Release|x64.Build.0 = Release|Any CPU
		{564D9E20-A421-4D28-8F7D-A023BC71ED62}.Release|x86.ActiveCfg = Release|Any CPU
		{564D9E20-A421-4D28-8F7D-A023BC71ED62}.Release|x86.Build.0 = Release|Any CPU
		{4F14D9ED-D641-4C7B-88CF-72B77458FA64}.Debug|Any CPU.ActiveCfg = Debug|Any CPU
		{4F14D9ED-D641-4C7B-88CF-72B77458FA64}.Debug|Any CPU.Build.0 = Debug|Any CPU
		{4F14D9ED-D641-4C7B-88CF-72B77458FA64}.Debug|x64.ActiveCfg = Debug|Any CPU
		{4F14D9ED-D641-4C7B-88CF-72B77458FA64}.Debug|x64.Build.0 = Debug|Any CPU
		{4F14D9ED-D641-4C7B-88CF-72B77458FA64}.Debug|x86.ActiveCfg = Debug|Any CPU
		{4F14D9ED-D641-4C7B-88CF-72B77458FA64}.Debug|x86.Build.0 = Debug|Any CPU
		{4F14D9ED-D641-4C7B-88CF-72B77458FA64}.Release|Any CPU.ActiveCfg = Release|Any CPU
		{4F14D9ED-D641-4C7B-88CF-72B77458FA64}.Release|Any CPU.Build.0 = Release|Any CPU
		{4F14D9ED-D641-4C7B-88CF-72B77458FA64}.Release|x64.ActiveCfg = Release|Any CPU
		{4F14D9ED-D641-4C7B-88CF-72B77458FA64}.Release|x64.Build.0 = Release|Any CPU
		{4F14D9ED-D641-4C7B-88CF-72B77458FA64}.Release|x86.ActiveCfg = Release|Any CPU
		{4F14D9ED-D641-4C7B-88CF-72B77458FA64}.Release|x86.Build.0 = Release|Any CPU
		{B66ED151-E45F-4491-A866-11B10F0B3046}.Debug|Any CPU.ActiveCfg = Debug|Any CPU
		{B66ED151-E45F-4491-A866-11B10F0B3046}.Debug|Any CPU.Build.0 = Debug|Any CPU
		{B66ED151-E45F-4491-A866-11B10F0B3046}.Debug|x64.ActiveCfg = Debug|Any CPU
		{B66ED151-E45F-4491-A866-11B10F0B3046}.Debug|x64.Build.0 = Debug|Any CPU
		{B66ED151-E45F-4491-A866-11B10F0B3046}.Debug|x86.ActiveCfg = Debug|Any CPU
		{B66ED151-E45F-4491-A866-11B10F0B3046}.Debug|x86.Build.0 = Debug|Any CPU
		{B66ED151-E45F-4491-A866-11B10F0B3046}.Release|Any CPU.ActiveCfg = Release|Any CPU
		{B66ED151-E45F-4491-A866-11B10F0B3046}.Release|Any CPU.Build.0 = Release|Any CPU
		{B66ED151-E45F-4491-A866-11B10F0B3046}.Release|x64.ActiveCfg = Release|Any CPU
		{B66ED151-E45F-4491-A866-11B10F0B3046}.Release|x64.Build.0 = Release|Any CPU
		{B66ED151-E45F-4491-A866-11B10F0B3046}.Release|x86.ActiveCfg = Release|Any CPU
		{B66ED151-E45F-4491-A866-11B10F0B3046}.Release|x86.Build.0 = Release|Any CPU
		{48542688-735D-49B7-8703-F8767FCAAD9E}.Debug|Any CPU.ActiveCfg = Debug|Any CPU
		{48542688-735D-49B7-8703-F8767FCAAD9E}.Debug|Any CPU.Build.0 = Debug|Any CPU
		{48542688-735D-49B7-8703-F8767FCAAD9E}.Debug|x64.ActiveCfg = Debug|Any CPU
		{48542688-735D-49B7-8703-F8767FCAAD9E}.Debug|x64.Build.0 = Debug|Any CPU
		{48542688-735D-49B7-8703-F8767FCAAD9E}.Debug|x86.ActiveCfg = Debug|Any CPU
		{48542688-735D-49B7-8703-F8767FCAAD9E}.Debug|x86.Build.0 = Debug|Any CPU
		{48542688-735D-49B7-8703-F8767FCAAD9E}.Release|Any CPU.ActiveCfg = Release|Any CPU
		{48542688-735D-49B7-8703-F8767FCAAD9E}.Release|Any CPU.Build.0 = Release|Any CPU
		{48542688-735D-49B7-8703-F8767FCAAD9E}.Release|x64.ActiveCfg = Release|Any CPU
		{48542688-735D-49B7-8703-F8767FCAAD9E}.Release|x64.Build.0 = Release|Any CPU
		{48542688-735D-49B7-8703-F8767FCAAD9E}.Release|x86.ActiveCfg = Release|Any CPU
		{48542688-735D-49B7-8703-F8767FCAAD9E}.Release|x86.Build.0 = Release|Any CPU
		{7ED95FB4-2AC5-4ADD-8CE8-73ED14CC8CF9}.Debug|Any CPU.ActiveCfg = Debug|Any CPU
		{7ED95FB4-2AC5-4ADD-8CE8-73ED14CC8CF9}.Debug|Any CPU.Build.0 = Debug|Any CPU
		{7ED95FB4-2AC5-4ADD-8CE8-73ED14CC8CF9}.Debug|x64.ActiveCfg = Debug|Any CPU
		{7ED95FB4-2AC5-4ADD-8CE8-73ED14CC8CF9}.Debug|x64.Build.0 = Debug|Any CPU
		{7ED95FB4-2AC5-4ADD-8CE8-73ED14CC8CF9}.Debug|x86.ActiveCfg = Debug|Any CPU
		{7ED95FB4-2AC5-4ADD-8CE8-73ED14CC8CF9}.Debug|x86.Build.0 = Debug|Any CPU
		{7ED95FB4-2AC5-4ADD-8CE8-73ED14CC8CF9}.Release|Any CPU.ActiveCfg = Release|Any CPU
		{7ED95FB4-2AC5-4ADD-8CE8-73ED14CC8CF9}.Release|Any CPU.Build.0 = Release|Any CPU
		{7ED95FB4-2AC5-4ADD-8CE8-73ED14CC8CF9}.Release|x64.ActiveCfg = Release|Any CPU
		{7ED95FB4-2AC5-4ADD-8CE8-73ED14CC8CF9}.Release|x64.Build.0 = Release|Any CPU
		{7ED95FB4-2AC5-4ADD-8CE8-73ED14CC8CF9}.Release|x86.ActiveCfg = Release|Any CPU
		{7ED95FB4-2AC5-4ADD-8CE8-73ED14CC8CF9}.Release|x86.Build.0 = Release|Any CPU
		{FB0D7B61-2BD9-440B-B75F-6ADCF4B7D20E}.Debug|Any CPU.ActiveCfg = Debug|Any CPU
		{FB0D7B61-2BD9-440B-B75F-6ADCF4B7D20E}.Debug|Any CPU.Build.0 = Debug|Any CPU
		{FB0D7B61-2BD9-440B-B75F-6ADCF4B7D20E}.Debug|x64.ActiveCfg = Debug|Any CPU
		{FB0D7B61-2BD9-440B-B75F-6ADCF4B7D20E}.Debug|x64.Build.0 = Debug|Any CPU
		{FB0D7B61-2BD9-440B-B75F-6ADCF4B7D20E}.Debug|x86.ActiveCfg = Debug|Any CPU
		{FB0D7B61-2BD9-440B-B75F-6ADCF4B7D20E}.Debug|x86.Build.0 = Debug|Any CPU
		{FB0D7B61-2BD9-440B-B75F-6ADCF4B7D20E}.Release|Any CPU.ActiveCfg = Release|Any CPU
		{FB0D7B61-2BD9-440B-B75F-6ADCF4B7D20E}.Release|Any CPU.Build.0 = Release|Any CPU
		{FB0D7B61-2BD9-440B-B75F-6ADCF4B7D20E}.Release|x64.ActiveCfg = Release|Any CPU
		{FB0D7B61-2BD9-440B-B75F-6ADCF4B7D20E}.Release|x64.Build.0 = Release|Any CPU
		{FB0D7B61-2BD9-440B-B75F-6ADCF4B7D20E}.Release|x86.ActiveCfg = Release|Any CPU
		{FB0D7B61-2BD9-440B-B75F-6ADCF4B7D20E}.Release|x86.Build.0 = Release|Any CPU
		{9FE4913A-7A84-4383-B487-DDE9D4EA54B5}.Debug|Any CPU.ActiveCfg = Debug|Any CPU
		{9FE4913A-7A84-4383-B487-DDE9D4EA54B5}.Debug|Any CPU.Build.0 = Debug|Any CPU
		{9FE4913A-7A84-4383-B487-DDE9D4EA54B5}.Debug|x64.ActiveCfg = Debug|Any CPU
		{9FE4913A-7A84-4383-B487-DDE9D4EA54B5}.Debug|x64.Build.0 = Debug|Any CPU
		{9FE4913A-7A84-4383-B487-DDE9D4EA54B5}.Debug|x86.ActiveCfg = Debug|Any CPU
		{9FE4913A-7A84-4383-B487-DDE9D4EA54B5}.Debug|x86.Build.0 = Debug|Any CPU
		{9FE4913A-7A84-4383-B487-DDE9D4EA54B5}.Release|Any CPU.ActiveCfg = Release|Any CPU
		{9FE4913A-7A84-4383-B487-DDE9D4EA54B5}.Release|Any CPU.Build.0 = Release|Any CPU
		{9FE4913A-7A84-4383-B487-DDE9D4EA54B5}.Release|x64.ActiveCfg = Release|Any CPU
		{9FE4913A-7A84-4383-B487-DDE9D4EA54B5}.Release|x64.Build.0 = Release|Any CPU
		{9FE4913A-7A84-4383-B487-DDE9D4EA54B5}.Release|x86.ActiveCfg = Release|Any CPU
		{9FE4913A-7A84-4383-B487-DDE9D4EA54B5}.Release|x86.Build.0 = Release|Any CPU
		{6C43FBB0-7EAB-4A1B-A243-FE150A1B242D}.Debug|Any CPU.ActiveCfg = Debug|Any CPU
		{6C43FBB0-7EAB-4A1B-A243-FE150A1B242D}.Debug|Any CPU.Build.0 = Debug|Any CPU
		{6C43FBB0-7EAB-4A1B-A243-FE150A1B242D}.Debug|x64.ActiveCfg = Debug|Any CPU
		{6C43FBB0-7EAB-4A1B-A243-FE150A1B242D}.Debug|x64.Build.0 = Debug|Any CPU
		{6C43FBB0-7EAB-4A1B-A243-FE150A1B242D}.Debug|x86.ActiveCfg = Debug|Any CPU
		{6C43FBB0-7EAB-4A1B-A243-FE150A1B242D}.Debug|x86.Build.0 = Debug|Any CPU
		{6C43FBB0-7EAB-4A1B-A243-FE150A1B242D}.Release|Any CPU.ActiveCfg = Release|Any CPU
		{6C43FBB0-7EAB-4A1B-A243-FE150A1B242D}.Release|Any CPU.Build.0 = Release|Any CPU
		{6C43FBB0-7EAB-4A1B-A243-FE150A1B242D}.Release|x64.ActiveCfg = Release|Any CPU
		{6C43FBB0-7EAB-4A1B-A243-FE150A1B242D}.Release|x64.Build.0 = Release|Any CPU
		{6C43FBB0-7EAB-4A1B-A243-FE150A1B242D}.Release|x86.ActiveCfg = Release|Any CPU
		{6C43FBB0-7EAB-4A1B-A243-FE150A1B242D}.Release|x86.Build.0 = Release|Any CPU
		{0BE2A8D8-014A-48CF-BA14-414B8CFB1126}.Debug|Any CPU.ActiveCfg = Debug|Any CPU
		{0BE2A8D8-014A-48CF-BA14-414B8CFB1126}.Debug|Any CPU.Build.0 = Debug|Any CPU
		{0BE2A8D8-014A-48CF-BA14-414B8CFB1126}.Debug|x64.ActiveCfg = Debug|Any CPU
		{0BE2A8D8-014A-48CF-BA14-414B8CFB1126}.Debug|x64.Build.0 = Debug|Any CPU
		{0BE2A8D8-014A-48CF-BA14-414B8CFB1126}.Debug|x86.ActiveCfg = Debug|Any CPU
		{0BE2A8D8-014A-48CF-BA14-414B8CFB1126}.Debug|x86.Build.0 = Debug|Any CPU
		{0BE2A8D8-014A-48CF-BA14-414B8CFB1126}.Release|Any CPU.ActiveCfg = Release|Any CPU
		{0BE2A8D8-014A-48CF-BA14-414B8CFB1126}.Release|Any CPU.Build.0 = Release|Any CPU
		{0BE2A8D8-014A-48CF-BA14-414B8CFB1126}.Release|x64.ActiveCfg = Release|Any CPU
		{0BE2A8D8-014A-48CF-BA14-414B8CFB1126}.Release|x64.Build.0 = Release|Any CPU
		{0BE2A8D8-014A-48CF-BA14-414B8CFB1126}.Release|x86.ActiveCfg = Release|Any CPU
		{0BE2A8D8-014A-48CF-BA14-414B8CFB1126}.Release|x86.Build.0 = Release|Any CPU
		{0E5EC4F5-D426-4B4D-80B5-983566DD09C1}.Debug|Any CPU.ActiveCfg = Debug|Any CPU
		{0E5EC4F5-D426-4B4D-80B5-983566DD09C1}.Debug|Any CPU.Build.0 = Debug|Any CPU
		{0E5EC4F5-D426-4B4D-80B5-983566DD09C1}.Debug|x64.ActiveCfg = Debug|Any CPU
		{0E5EC4F5-D426-4B4D-80B5-983566DD09C1}.Debug|x64.Build.0 = Debug|Any CPU
		{0E5EC4F5-D426-4B4D-80B5-983566DD09C1}.Debug|x86.ActiveCfg = Debug|Any CPU
		{0E5EC4F5-D426-4B4D-80B5-983566DD09C1}.Debug|x86.Build.0 = Debug|Any CPU
		{0E5EC4F5-D426-4B4D-80B5-983566DD09C1}.Release|Any CPU.ActiveCfg = Release|Any CPU
		{0E5EC4F5-D426-4B4D-80B5-983566DD09C1}.Release|Any CPU.Build.0 = Release|Any CPU
		{0E5EC4F5-D426-4B4D-80B5-983566DD09C1}.Release|x64.ActiveCfg = Release|Any CPU
		{0E5EC4F5-D426-4B4D-80B5-983566DD09C1}.Release|x64.Build.0 = Release|Any CPU
		{0E5EC4F5-D426-4B4D-80B5-983566DD09C1}.Release|x86.ActiveCfg = Release|Any CPU
		{0E5EC4F5-D426-4B4D-80B5-983566DD09C1}.Release|x86.Build.0 = Release|Any CPU
		{5FFDAC81-A945-4F07-B3EC-F75C72F39DA4}.Debug|Any CPU.ActiveCfg = Debug|Any CPU
		{5FFDAC81-A945-4F07-B3EC-F75C72F39DA4}.Debug|Any CPU.Build.0 = Debug|Any CPU
		{5FFDAC81-A945-4F07-B3EC-F75C72F39DA4}.Debug|x64.ActiveCfg = Debug|Any CPU
		{5FFDAC81-A945-4F07-B3EC-F75C72F39DA4}.Debug|x64.Build.0 = Debug|Any CPU
		{5FFDAC81-A945-4F07-B3EC-F75C72F39DA4}.Debug|x86.ActiveCfg = Debug|Any CPU
		{5FFDAC81-A945-4F07-B3EC-F75C72F39DA4}.Debug|x86.Build.0 = Debug|Any CPU
		{5FFDAC81-A945-4F07-B3EC-F75C72F39DA4}.Release|Any CPU.ActiveCfg = Release|Any CPU
		{5FFDAC81-A945-4F07-B3EC-F75C72F39DA4}.Release|Any CPU.Build.0 = Release|Any CPU
		{5FFDAC81-A945-4F07-B3EC-F75C72F39DA4}.Release|x64.ActiveCfg = Release|Any CPU
		{5FFDAC81-A945-4F07-B3EC-F75C72F39DA4}.Release|x64.Build.0 = Release|Any CPU
		{5FFDAC81-A945-4F07-B3EC-F75C72F39DA4}.Release|x86.ActiveCfg = Release|Any CPU
		{5FFDAC81-A945-4F07-B3EC-F75C72F39DA4}.Release|x86.Build.0 = Release|Any CPU
		{25FDE052-5518-4411-94A9-F96DA6E9539B}.Debug|Any CPU.ActiveCfg = Debug|Any CPU
		{25FDE052-5518-4411-94A9-F96DA6E9539B}.Debug|Any CPU.Build.0 = Debug|Any CPU
		{25FDE052-5518-4411-94A9-F96DA6E9539B}.Debug|x64.ActiveCfg = Debug|Any CPU
		{25FDE052-5518-4411-94A9-F96DA6E9539B}.Debug|x64.Build.0 = Debug|Any CPU
		{25FDE052-5518-4411-94A9-F96DA6E9539B}.Debug|x86.ActiveCfg = Debug|Any CPU
		{25FDE052-5518-4411-94A9-F96DA6E9539B}.Debug|x86.Build.0 = Debug|Any CPU
		{25FDE052-5518-4411-94A9-F96DA6E9539B}.Release|Any CPU.ActiveCfg = Release|Any CPU
		{25FDE052-5518-4411-94A9-F96DA6E9539B}.Release|Any CPU.Build.0 = Release|Any CPU
		{25FDE052-5518-4411-94A9-F96DA6E9539B}.Release|x64.ActiveCfg = Release|Any CPU
		{25FDE052-5518-4411-94A9-F96DA6E9539B}.Release|x64.Build.0 = Release|Any CPU
		{25FDE052-5518-4411-94A9-F96DA6E9539B}.Release|x86.ActiveCfg = Release|Any CPU
		{25FDE052-5518-4411-94A9-F96DA6E9539B}.Release|x86.Build.0 = Release|Any CPU
		{32BBAA1C-C9F2-4869-99C8-AB9DE2047306}.Debug|Any CPU.ActiveCfg = Debug|Any CPU
		{32BBAA1C-C9F2-4869-99C8-AB9DE2047306}.Debug|Any CPU.Build.0 = Debug|Any CPU
		{32BBAA1C-C9F2-4869-99C8-AB9DE2047306}.Debug|x64.ActiveCfg = Debug|Any CPU
		{32BBAA1C-C9F2-4869-99C8-AB9DE2047306}.Debug|x64.Build.0 = Debug|Any CPU
		{32BBAA1C-C9F2-4869-99C8-AB9DE2047306}.Debug|x86.ActiveCfg = Debug|Any CPU
		{32BBAA1C-C9F2-4869-99C8-AB9DE2047306}.Debug|x86.Build.0 = Debug|Any CPU
		{32BBAA1C-C9F2-4869-99C8-AB9DE2047306}.Release|Any CPU.ActiveCfg = Release|Any CPU
		{32BBAA1C-C9F2-4869-99C8-AB9DE2047306}.Release|Any CPU.Build.0 = Release|Any CPU
		{32BBAA1C-C9F2-4869-99C8-AB9DE2047306}.Release|x64.ActiveCfg = Release|Any CPU
		{32BBAA1C-C9F2-4869-99C8-AB9DE2047306}.Release|x64.Build.0 = Release|Any CPU
		{32BBAA1C-C9F2-4869-99C8-AB9DE2047306}.Release|x86.ActiveCfg = Release|Any CPU
		{32BBAA1C-C9F2-4869-99C8-AB9DE2047306}.Release|x86.Build.0 = Release|Any CPU
		{8FB7E8F2-870F-45F8-99ED-D8303B420D58}.Debug|Any CPU.ActiveCfg = Debug|Any CPU
		{8FB7E8F2-870F-45F8-99ED-D8303B420D58}.Debug|Any CPU.Build.0 = Debug|Any CPU
		{8FB7E8F2-870F-45F8-99ED-D8303B420D58}.Debug|x64.ActiveCfg = Debug|Any CPU
		{8FB7E8F2-870F-45F8-99ED-D8303B420D58}.Debug|x64.Build.0 = Debug|Any CPU
		{8FB7E8F2-870F-45F8-99ED-D8303B420D58}.Debug|x86.ActiveCfg = Debug|Any CPU
		{8FB7E8F2-870F-45F8-99ED-D8303B420D58}.Debug|x86.Build.0 = Debug|Any CPU
		{8FB7E8F2-870F-45F8-99ED-D8303B420D58}.Release|Any CPU.ActiveCfg = Release|Any CPU
		{8FB7E8F2-870F-45F8-99ED-D8303B420D58}.Release|Any CPU.Build.0 = Release|Any CPU
		{8FB7E8F2-870F-45F8-99ED-D8303B420D58}.Release|x64.ActiveCfg = Release|Any CPU
		{8FB7E8F2-870F-45F8-99ED-D8303B420D58}.Release|x64.Build.0 = Release|Any CPU
		{8FB7E8F2-870F-45F8-99ED-D8303B420D58}.Release|x86.ActiveCfg = Release|Any CPU
		{8FB7E8F2-870F-45F8-99ED-D8303B420D58}.Release|x86.Build.0 = Release|Any CPU
		{2A215BAB-B45D-4195-94D8-1BCD56CE6992}.Debug|Any CPU.ActiveCfg = Debug|Any CPU
		{2A215BAB-B45D-4195-94D8-1BCD56CE6992}.Debug|Any CPU.Build.0 = Debug|Any CPU
		{2A215BAB-B45D-4195-94D8-1BCD56CE6992}.Debug|x64.ActiveCfg = Debug|Any CPU
		{2A215BAB-B45D-4195-94D8-1BCD56CE6992}.Debug|x64.Build.0 = Debug|Any CPU
		{2A215BAB-B45D-4195-94D8-1BCD56CE6992}.Debug|x86.ActiveCfg = Debug|Any CPU
		{2A215BAB-B45D-4195-94D8-1BCD56CE6992}.Debug|x86.Build.0 = Debug|Any CPU
		{2A215BAB-B45D-4195-94D8-1BCD56CE6992}.Release|Any CPU.ActiveCfg = Release|Any CPU
		{2A215BAB-B45D-4195-94D8-1BCD56CE6992}.Release|Any CPU.Build.0 = Release|Any CPU
		{2A215BAB-B45D-4195-94D8-1BCD56CE6992}.Release|x64.ActiveCfg = Release|Any CPU
		{2A215BAB-B45D-4195-94D8-1BCD56CE6992}.Release|x64.Build.0 = Release|Any CPU
		{2A215BAB-B45D-4195-94D8-1BCD56CE6992}.Release|x86.ActiveCfg = Release|Any CPU
		{2A215BAB-B45D-4195-94D8-1BCD56CE6992}.Release|x86.Build.0 = Release|Any CPU
		{1A43B0EF-3144-4444-A6C4-C70996A42DE9}.Debug|Any CPU.ActiveCfg = Debug|Any CPU
		{1A43B0EF-3144-4444-A6C4-C70996A42DE9}.Debug|Any CPU.Build.0 = Debug|Any CPU
		{1A43B0EF-3144-4444-A6C4-C70996A42DE9}.Debug|x64.ActiveCfg = Debug|Any CPU
		{1A43B0EF-3144-4444-A6C4-C70996A42DE9}.Debug|x64.Build.0 = Debug|Any CPU
		{1A43B0EF-3144-4444-A6C4-C70996A42DE9}.Debug|x86.ActiveCfg = Debug|Any CPU
		{1A43B0EF-3144-4444-A6C4-C70996A42DE9}.Debug|x86.Build.0 = Debug|Any CPU
		{1A43B0EF-3144-4444-A6C4-C70996A42DE9}.Release|Any CPU.ActiveCfg = Release|Any CPU
		{1A43B0EF-3144-4444-A6C4-C70996A42DE9}.Release|Any CPU.Build.0 = Release|Any CPU
		{1A43B0EF-3144-4444-A6C4-C70996A42DE9}.Release|x64.ActiveCfg = Release|Any CPU
		{1A43B0EF-3144-4444-A6C4-C70996A42DE9}.Release|x64.Build.0 = Release|Any CPU
		{1A43B0EF-3144-4444-A6C4-C70996A42DE9}.Release|x86.ActiveCfg = Release|Any CPU
		{1A43B0EF-3144-4444-A6C4-C70996A42DE9}.Release|x86.Build.0 = Release|Any CPU
		{DDE989BF-2FC4-4BBF-B79F-2F91C99107F7}.Debug|Any CPU.ActiveCfg = Debug|Any CPU
		{DDE989BF-2FC4-4BBF-B79F-2F91C99107F7}.Debug|Any CPU.Build.0 = Debug|Any CPU
		{DDE989BF-2FC4-4BBF-B79F-2F91C99107F7}.Debug|x64.ActiveCfg = Debug|Any CPU
		{DDE989BF-2FC4-4BBF-B79F-2F91C99107F7}.Debug|x64.Build.0 = Debug|Any CPU
		{DDE989BF-2FC4-4BBF-B79F-2F91C99107F7}.Debug|x86.ActiveCfg = Debug|Any CPU
		{DDE989BF-2FC4-4BBF-B79F-2F91C99107F7}.Debug|x86.Build.0 = Debug|Any CPU
		{DDE989BF-2FC4-4BBF-B79F-2F91C99107F7}.Release|Any CPU.ActiveCfg = Release|Any CPU
		{DDE989BF-2FC4-4BBF-B79F-2F91C99107F7}.Release|Any CPU.Build.0 = Release|Any CPU
		{DDE989BF-2FC4-4BBF-B79F-2F91C99107F7}.Release|x64.ActiveCfg = Release|Any CPU
		{DDE989BF-2FC4-4BBF-B79F-2F91C99107F7}.Release|x64.Build.0 = Release|Any CPU
		{DDE989BF-2FC4-4BBF-B79F-2F91C99107F7}.Release|x86.ActiveCfg = Release|Any CPU
		{DDE989BF-2FC4-4BBF-B79F-2F91C99107F7}.Release|x86.Build.0 = Release|Any CPU
		{0E5D22E7-84D4-4BBC-A6E8-A1C0D37947A1}.Debug|Any CPU.ActiveCfg = Debug|Any CPU
		{0E5D22E7-84D4-4BBC-A6E8-A1C0D37947A1}.Debug|Any CPU.Build.0 = Debug|Any CPU
		{0E5D22E7-84D4-4BBC-A6E8-A1C0D37947A1}.Debug|x64.ActiveCfg = Debug|Any CPU
		{0E5D22E7-84D4-4BBC-A6E8-A1C0D37947A1}.Debug|x64.Build.0 = Debug|Any CPU
		{0E5D22E7-84D4-4BBC-A6E8-A1C0D37947A1}.Debug|x86.ActiveCfg = Debug|Any CPU
		{0E5D22E7-84D4-4BBC-A6E8-A1C0D37947A1}.Debug|x86.Build.0 = Debug|Any CPU
		{0E5D22E7-84D4-4BBC-A6E8-A1C0D37947A1}.Release|Any CPU.ActiveCfg = Release|Any CPU
		{0E5D22E7-84D4-4BBC-A6E8-A1C0D37947A1}.Release|Any CPU.Build.0 = Release|Any CPU
		{0E5D22E7-84D4-4BBC-A6E8-A1C0D37947A1}.Release|x64.ActiveCfg = Release|Any CPU
		{0E5D22E7-84D4-4BBC-A6E8-A1C0D37947A1}.Release|x64.Build.0 = Release|Any CPU
		{0E5D22E7-84D4-4BBC-A6E8-A1C0D37947A1}.Release|x86.ActiveCfg = Release|Any CPU
		{0E5D22E7-84D4-4BBC-A6E8-A1C0D37947A1}.Release|x86.Build.0 = Release|Any CPU
		{AD7F74B0-9AE4-459A-B004-983A15B8E440}.Debug|Any CPU.ActiveCfg = Debug|Any CPU
		{AD7F74B0-9AE4-459A-B004-983A15B8E440}.Debug|Any CPU.Build.0 = Debug|Any CPU
		{AD7F74B0-9AE4-459A-B004-983A15B8E440}.Debug|x64.ActiveCfg = Debug|Any CPU
		{AD7F74B0-9AE4-459A-B004-983A15B8E440}.Debug|x64.Build.0 = Debug|Any CPU
		{AD7F74B0-9AE4-459A-B004-983A15B8E440}.Debug|x86.ActiveCfg = Debug|Any CPU
		{AD7F74B0-9AE4-459A-B004-983A15B8E440}.Debug|x86.Build.0 = Debug|Any CPU
		{AD7F74B0-9AE4-459A-B004-983A15B8E440}.Release|Any CPU.ActiveCfg = Release|Any CPU
		{AD7F74B0-9AE4-459A-B004-983A15B8E440}.Release|Any CPU.Build.0 = Release|Any CPU
		{AD7F74B0-9AE4-459A-B004-983A15B8E440}.Release|x64.ActiveCfg = Release|Any CPU
		{AD7F74B0-9AE4-459A-B004-983A15B8E440}.Release|x64.Build.0 = Release|Any CPU
		{AD7F74B0-9AE4-459A-B004-983A15B8E440}.Release|x86.ActiveCfg = Release|Any CPU
		{AD7F74B0-9AE4-459A-B004-983A15B8E440}.Release|x86.Build.0 = Release|Any CPU
		{F2A906F6-802D-4058-9E2E-4F8E13640F15}.Debug|Any CPU.ActiveCfg = Debug|Any CPU
		{F2A906F6-802D-4058-9E2E-4F8E13640F15}.Debug|Any CPU.Build.0 = Debug|Any CPU
		{F2A906F6-802D-4058-9E2E-4F8E13640F15}.Debug|x64.ActiveCfg = Debug|Any CPU
		{F2A906F6-802D-4058-9E2E-4F8E13640F15}.Debug|x64.Build.0 = Debug|Any CPU
		{F2A906F6-802D-4058-9E2E-4F8E13640F15}.Debug|x86.ActiveCfg = Debug|Any CPU
		{F2A906F6-802D-4058-9E2E-4F8E13640F15}.Debug|x86.Build.0 = Debug|Any CPU
		{F2A906F6-802D-4058-9E2E-4F8E13640F15}.Release|Any CPU.ActiveCfg = Release|Any CPU
		{F2A906F6-802D-4058-9E2E-4F8E13640F15}.Release|Any CPU.Build.0 = Release|Any CPU
		{F2A906F6-802D-4058-9E2E-4F8E13640F15}.Release|x64.ActiveCfg = Release|Any CPU
		{F2A906F6-802D-4058-9E2E-4F8E13640F15}.Release|x64.Build.0 = Release|Any CPU
		{F2A906F6-802D-4058-9E2E-4F8E13640F15}.Release|x86.ActiveCfg = Release|Any CPU
		{F2A906F6-802D-4058-9E2E-4F8E13640F15}.Release|x86.Build.0 = Release|Any CPU
		{B0CE4807-D3AA-418E-9580-FBA559C4D177}.Debug|Any CPU.ActiveCfg = Debug|Any CPU
		{B0CE4807-D3AA-418E-9580-FBA559C4D177}.Debug|Any CPU.Build.0 = Debug|Any CPU
		{B0CE4807-D3AA-418E-9580-FBA559C4D177}.Debug|x64.ActiveCfg = Debug|Any CPU
		{B0CE4807-D3AA-418E-9580-FBA559C4D177}.Debug|x64.Build.0 = Debug|Any CPU
		{B0CE4807-D3AA-418E-9580-FBA559C4D177}.Debug|x86.ActiveCfg = Debug|Any CPU
		{B0CE4807-D3AA-418E-9580-FBA559C4D177}.Debug|x86.Build.0 = Debug|Any CPU
		{B0CE4807-D3AA-418E-9580-FBA559C4D177}.Release|Any CPU.ActiveCfg = Release|Any CPU
		{B0CE4807-D3AA-418E-9580-FBA559C4D177}.Release|Any CPU.Build.0 = Release|Any CPU
		{B0CE4807-D3AA-418E-9580-FBA559C4D177}.Release|x64.ActiveCfg = Release|Any CPU
		{B0CE4807-D3AA-418E-9580-FBA559C4D177}.Release|x64.Build.0 = Release|Any CPU
		{B0CE4807-D3AA-418E-9580-FBA559C4D177}.Release|x86.ActiveCfg = Release|Any CPU
		{B0CE4807-D3AA-418E-9580-FBA559C4D177}.Release|x86.Build.0 = Release|Any CPU
		{D1E2F3A4-B5C6-7890-ABCD-EF1234567890}.Debug|Any CPU.ActiveCfg = Debug|Any CPU
		{D1E2F3A4-B5C6-7890-ABCD-EF1234567890}.Debug|Any CPU.Build.0 = Debug|Any CPU
		{D1E2F3A4-B5C6-7890-ABCD-EF1234567890}.Debug|Any CPU.Deploy.0 = Debug|Any CPU
		{D1E2F3A4-B5C6-7890-ABCD-EF1234567890}.Debug|x64.ActiveCfg = Debug|Any CPU
		{D1E2F3A4-B5C6-7890-ABCD-EF1234567890}.Debug|x64.Build.0 = Debug|Any CPU
		{D1E2F3A4-B5C6-7890-ABCD-EF1234567890}.Debug|x64.Deploy.0 = Debug|Any CPU
		{D1E2F3A4-B5C6-7890-ABCD-EF1234567890}.Debug|x86.ActiveCfg = Debug|Any CPU
		{D1E2F3A4-B5C6-7890-ABCD-EF1234567890}.Debug|x86.Build.0 = Debug|Any CPU
		{D1E2F3A4-B5C6-7890-ABCD-EF1234567890}.Debug|x86.Deploy.0 = Debug|Any CPU
		{D1E2F3A4-B5C6-7890-ABCD-EF1234567890}.Release|Any CPU.ActiveCfg = Release|Any CPU
		{D1E2F3A4-B5C6-7890-ABCD-EF1234567890}.Release|Any CPU.Build.0 = Release|Any CPU
		{D1E2F3A4-B5C6-7890-ABCD-EF1234567890}.Release|Any CPU.Deploy.0 = Release|Any CPU
		{D1E2F3A4-B5C6-7890-ABCD-EF1234567890}.Release|x64.ActiveCfg = Release|Any CPU
		{D1E2F3A4-B5C6-7890-ABCD-EF1234567890}.Release|x64.Build.0 = Release|Any CPU
		{D1E2F3A4-B5C6-7890-ABCD-EF1234567890}.Release|x64.Deploy.0 = Release|Any CPU
		{D1E2F3A4-B5C6-7890-ABCD-EF1234567890}.Release|x86.ActiveCfg = Release|Any CPU
		{D1E2F3A4-B5C6-7890-ABCD-EF1234567890}.Release|x86.Build.0 = Release|Any CPU
		{D1E2F3A4-B5C6-7890-ABCD-EF1234567890}.Release|x86.Deploy.0 = Release|Any CPU
		{A1B2C3D4-E5F6-7890-ABCD-EF1234567891}.Debug|Any CPU.ActiveCfg = Debug|Any CPU
		{A1B2C3D4-E5F6-7890-ABCD-EF1234567891}.Debug|Any CPU.Build.0 = Debug|Any CPU
		{A1B2C3D4-E5F6-7890-ABCD-EF1234567891}.Debug|Any CPU.Deploy.0 = Debug|Any CPU
		{A1B2C3D4-E5F6-7890-ABCD-EF1234567891}.Debug|x64.ActiveCfg = Debug|Any CPU
		{A1B2C3D4-E5F6-7890-ABCD-EF1234567891}.Debug|x64.Build.0 = Debug|Any CPU
		{A1B2C3D4-E5F6-7890-ABCD-EF1234567891}.Debug|x64.Deploy.0 = Debug|Any CPU
		{A1B2C3D4-E5F6-7890-ABCD-EF1234567891}.Debug|x86.ActiveCfg = Debug|Any CPU
		{A1B2C3D4-E5F6-7890-ABCD-EF1234567891}.Debug|x86.Build.0 = Debug|Any CPU
		{A1B2C3D4-E5F6-7890-ABCD-EF1234567891}.Debug|x86.Deploy.0 = Debug|Any CPU
		{A1B2C3D4-E5F6-7890-ABCD-EF1234567891}.Release|Any CPU.ActiveCfg = Release|Any CPU
		{A1B2C3D4-E5F6-7890-ABCD-EF1234567891}.Release|Any CPU.Build.0 = Release|Any CPU
		{A1B2C3D4-E5F6-7890-ABCD-EF1234567891}.Release|Any CPU.Deploy.0 = Release|Any CPU
		{A1B2C3D4-E5F6-7890-ABCD-EF1234567891}.Release|x64.ActiveCfg = Release|Any CPU
		{A1B2C3D4-E5F6-7890-ABCD-EF1234567891}.Release|x64.Build.0 = Release|Any CPU
		{A1B2C3D4-E5F6-7890-ABCD-EF1234567891}.Release|x64.Deploy.0 = Release|Any CPU
		{A1B2C3D4-E5F6-7890-ABCD-EF1234567891}.Release|x86.ActiveCfg = Release|Any CPU
		{A1B2C3D4-E5F6-7890-ABCD-EF1234567891}.Release|x86.Build.0 = Release|Any CPU
		{A1B2C3D4-E5F6-7890-ABCD-EF1234567891}.Release|x86.Deploy.0 = Release|Any CPU
	EndGlobalSection
	GlobalSection(SolutionProperties) = preSolution
		HideSolutionNode = FALSE
	EndGlobalSection
	GlobalSection(NestedProjects) = preSolution
		{C915522F-9AA8-45AC-9C9C-5AA70421623E} = {A140E573-7FC3-46D5-B1B9-3EF537C0B82B}
		{394E7A56-B0BE-4A93-BE06-58E745835A77} = {A140E573-7FC3-46D5-B1B9-3EF537C0B82B}
		{30EEA210-FA07-472B-94A8-A5853A13FD04} = {A140E573-7FC3-46D5-B1B9-3EF537C0B82B}
		{11665C6E-0BE0-4AF8-93BC-AB2850EBE4F7} = {30EEA210-FA07-472B-94A8-A5853A13FD04}
		{87EC53DE-7F9E-419C-953A-46DC4B653AA9} = {30EEA210-FA07-472B-94A8-A5853A13FD04}
		{3A4F323B-F1F5-4094-930F-88CD1EC14187} = {C915522F-9AA8-45AC-9C9C-5AA70421623E}
		{564D9E20-A421-4D28-8F7D-A023BC71ED62} = {C915522F-9AA8-45AC-9C9C-5AA70421623E}
		{4F14D9ED-D641-4C7B-88CF-72B77458FA64} = {394E7A56-B0BE-4A93-BE06-58E745835A77}
		{B66ED151-E45F-4491-A866-11B10F0B3046} = {394E7A56-B0BE-4A93-BE06-58E745835A77}
		{48542688-735D-49B7-8703-F8767FCAAD9E} = {394E7A56-B0BE-4A93-BE06-58E745835A77}
		{7ED95FB4-2AC5-4ADD-8CE8-73ED14CC8CF9} = {2756B02A-FD11-4E95-B3F7-36E1111428DB}
		{FB0D7B61-2BD9-440B-B75F-6ADCF4B7D20E} = {30EEA210-FA07-472B-94A8-A5853A13FD04}
		{9FE4913A-7A84-4383-B487-DDE9D4EA54B5} = {C915522F-9AA8-45AC-9C9C-5AA70421623E}
		{6C43FBB0-7EAB-4A1B-A243-FE150A1B242D} = {30EEA210-FA07-472B-94A8-A5853A13FD04}
		{0BE2A8D8-014A-48CF-BA14-414B8CFB1126} = {C915522F-9AA8-45AC-9C9C-5AA70421623E}
		{0E5EC4F5-D426-4B4D-80B5-983566DD09C1} = {2756B02A-FD11-4E95-B3F7-36E1111428DB}
		{5FFDAC81-A945-4F07-B3EC-F75C72F39DA4} = {2756B02A-FD11-4E95-B3F7-36E1111428DB}
		{25FDE052-5518-4411-94A9-F96DA6E9539B} = {2756B02A-FD11-4E95-B3F7-36E1111428DB}
		{C4521812-A496-4792-86B9-FABAD4A6634E} = {A140E573-7FC3-46D5-B1B9-3EF537C0B82B}
		{32BBAA1C-C9F2-4869-99C8-AB9DE2047306} = {C4521812-A496-4792-86B9-FABAD4A6634E}
		{8FB7E8F2-870F-45F8-99ED-D8303B420D58} = {C4521812-A496-4792-86B9-FABAD4A6634E}
		{2A215BAB-B45D-4195-94D8-1BCD56CE6992} = {C4521812-A496-4792-86B9-FABAD4A6634E}
		{340CCE8D-F1ED-4282-96FC-B40A1D7FDB4D} = {2756B02A-FD11-4E95-B3F7-36E1111428DB}
		{1A43B0EF-3144-4444-A6C4-C70996A42DE9} = {340CCE8D-F1ED-4282-96FC-B40A1D7FDB4D}
		{4EF76D6A-3B20-40C3-80F5-55CA02BA07D8} = {394E7A56-B0BE-4A93-BE06-58E745835A77}
		{DDE989BF-2FC4-4BBF-B79F-2F91C99107F7} = {4EF76D6A-3B20-40C3-80F5-55CA02BA07D8}
		{9A1E22E8-0021-40AB-A53A-51595EEC5EC0} = {C4521812-A496-4792-86B9-FABAD4A6634E}
		{0E5D22E7-84D4-4BBC-A6E8-A1C0D37947A1} = {4EF76D6A-3B20-40C3-80F5-55CA02BA07D8}
		{AD7F74B0-9AE4-459A-B004-983A15B8E440} = {340CCE8D-F1ED-4282-96FC-B40A1D7FDB4D}
	EndGlobalSection
	GlobalSection(ExtensibilityGlobals) = postSolution
		SolutionGuid = {67B7B543-7ADA-4912-9745-403C5A54ED55}
	EndGlobalSection
EndGlobal
